// !$*UTF8*$!
{
	archiveVersion = 1;
	classes = {
	};
	objectVersion = 55;
	objects = {

/* Begin PBXBuildFile section */
		B8A115AF273230100091631F /* AppDelegate.swift in Sources */ = {isa = PBXBuildFile; fileRef = B8A115AE273230100091631F /* AppDelegate.swift */; };
		B8A115B1273230100091631F /* SceneDelegate.swift in Sources */ = {isa = PBXBuildFile; fileRef = B8A115B0273230100091631F /* SceneDelegate.swift */; };
		B8A115B3273230100091631F /* ViewController.swift in Sources */ = {isa = PBXBuildFile; fileRef = B8A115B2273230100091631F /* ViewController.swift */; };
		B8A115B6273230100091631F /* Main.storyboard in Resources */ = {isa = PBXBuildFile; fileRef = B8A115B4273230100091631F /* Main.storyboard */; };
		B8A115B8273230160091631F /* Assets.xcassets in Resources */ = {isa = PBXBuildFile; fileRef = B8A115B7273230160091631F /* Assets.xcassets */; };
		B8A115BB273230160091631F /* LaunchScreen.storyboard in Resources */ = {isa = PBXBuildFile; fileRef = B8A115B9273230160091631F /* LaunchScreen.storyboard */; };
		B8A115C6273230160091631F /* Lab06_TableViewControllerTests.swift in Sources */ = {isa = PBXBuildFile; fileRef = B8A115C5273230160091631F /* Lab06_TableViewControllerTests.swift */; };
		B8A115D0273230160091631F /* Lab06_TableViewControllerUITests.swift in Sources */ = {isa = PBXBuildFile; fileRef = B8A115CF273230160091631F /* Lab06_TableViewControllerUITests.swift */; };
		B8A115D2273230160091631F /* Lab06_TableViewControllerUITestsLaunchTests.swift in Sources */ = {isa = PBXBuildFile; fileRef = B8A115D1273230160091631F /* Lab06_TableViewControllerUITestsLaunchTests.swift */; };
/* End PBXBuildFile section */

/* Begin PBXContainerItemProxy section */
		B8A115C2273230160091631F /* PBXContainerItemProxy */ = {
			isa = PBXContainerItemProxy;
			containerPortal = B8A115A3273230100091631F /* Project object */;
			proxyType = 1;
			remoteGlobalIDString = B8A115AA273230100091631F;
			remoteInfo = Lab06_TableViewController;
		};
		B8A115CC273230160091631F /* PBXContainerItemProxy */ = {
			isa = PBXContainerItemProxy;
			containerPortal = B8A115A3273230100091631F /* Project object */;
			proxyType = 1;
			remoteGlobalIDString = B8A115AA273230100091631F;
			remoteInfo = Lab06_TableViewController;
		};
/* End PBXContainerItemProxy section */

/* Begin PBXFileReference section */
		B8A115AB273230100091631F /* Lab06_TableViewController.app */ = {isa = PBXFileReference; explicitFileType = wrapper.application; includeInIndex = 0; path = Lab06_TableViewController.app; sourceTree = BUILT_PRODUCTS_DIR; };
		B8A115AE273230100091631F /* AppDelegate.swift */ = {isa = PBXFileReference; lastKnownFileType = sourcecode.swift; path = AppDelegate.swift; sourceTree = "<group>"; };
		B8A115B0273230100091631F /* SceneDelegate.swift */ = {isa = PBXFileReference; lastKnownFileType = sourcecode.swift; path = SceneDelegate.swift; sourceTree = "<group>"; };
		B8A115B2273230100091631F /* ViewController.swift */ = {isa = PBXFileReference; lastKnownFileType = sourcecode.swift; path = ViewController.swift; sourceTree = "<group>"; };
		B8A115B5273230100091631F /* Base */ = {isa = PBXFileReference; lastKnownFileType = file.storyboard; name = Base; path = Base.lproj/Main.storyboard; sourceTree = "<group>"; };
		B8A115B7273230160091631F /* Assets.xcassets */ = {isa = PBXFileReference; lastKnownFileType = folder.assetcatalog; path = Assets.xcassets; sourceTree = "<group>"; };
		B8A115BA273230160091631F /* Base */ = {isa = PBXFileReference; lastKnownFileType = file.storyboard; name = Base; path = Base.lproj/LaunchScreen.storyboard; sourceTree = "<group>"; };
		B8A115BC273230160091631F /* Info.plist */ = {isa = PBXFileReference; lastKnownFileType = text.plist.xml; path = Info.plist; sourceTree = "<group>"; };
		B8A115C1273230160091631F /* Lab06_TableViewControllerTests.xctest */ = {isa = PBXFileReference; explicitFileType = wrapper.cfbundle; includeInIndex = 0; path = Lab06_TableViewControllerTests.xctest; sourceTree = BUILT_PRODUCTS_DIR; };
		B8A115C5273230160091631F /* Lab06_TableViewControllerTests.swift */ = {isa = PBXFileReference; lastKnownFileType = sourcecode.swift; path = Lab06_TableViewControllerTests.swift; sourceTree = "<group>"; };
		B8A115CB273230160091631F /* Lab06_TableViewControllerUITests.xctest */ = {isa = PBXFileReference; explicitFileType = wrapper.cfbundle; includeInIndex = 0; path = Lab06_TableViewControllerUITests.xctest; sourceTree = BUILT_PRODUCTS_DIR; };
		B8A115CF273230160091631F /* Lab06_TableViewControllerUITests.swift */ = {isa = PBXFileReference; lastKnownFileType = sourcecode.swift; path = Lab06_TableViewControllerUITests.swift; sourceTree = "<group>"; };
		B8A115D1273230160091631F /* Lab06_TableViewControllerUITestsLaunchTests.swift */ = {isa = PBXFileReference; lastKnownFileType = sourcecode.swift; path = Lab06_TableViewControllerUITestsLaunchTests.swift; sourceTree = "<group>"; };
/* End PBXFileReference section */

/* Begin PBXFrameworksBuildPhase section */
		B8A115A8273230100091631F /* Frameworks */ = {
			isa = PBXFrameworksBuildPhase;
			buildActionMask = 2147483647;
			files = (
			);
			runOnlyForDeploymentPostprocessing = 0;
		};
		B8A115BE273230160091631F /* Frameworks */ = {
			isa = PBXFrameworksBuildPhase;
			buildActionMask = 2147483647;
			files = (
			);
			runOnlyForDeploymentPostprocessing = 0;
		};
		B8A115C8273230160091631F /* Frameworks */ = {
			isa = PBXFrameworksBuildPhase;
			buildActionMask = 2147483647;
			files = (
			);
			runOnlyForDeploymentPostprocessing = 0;
		};
/* End PBXFrameworksBuildPhase section */

/* Begin PBXGroup section */
		B8A115A2273230100091631F = {
			isa = PBXGroup;
			children = (
				B8A115AD273230100091631F /* Lab06_TableViewController */,
				B8A115C4273230160091631F /* Lab06_TableViewControllerTests */,
				B8A115CE273230160091631F /* Lab06_TableViewControllerUITests */,
				B8A115AC273230100091631F /* Products */,
			);
			sourceTree = "<group>";
		};
		B8A115AC273230100091631F /* Products */ = {
			isa = PBXGroup;
			children = (
				B8A115AB273230100091631F /* Lab06_TableViewController.app */,
				B8A115C1273230160091631F /* Lab06_TableViewControllerTests.xctest */,
				B8A115CB273230160091631F /* Lab06_TableViewControllerUITests.xctest */,
			);
			name = Products;
			sourceTree = "<group>";
		};
		B8A115AD273230100091631F /* Lab06_TableViewController */ = {
			isa = PBXGroup;
			children = (
				B8A115AE273230100091631F /* AppDelegate.swift */,
				B8A115B0273230100091631F /* SceneDelegate.swift */,
				B8A115B2273230100091631F /* ViewController.swift */,
				B8A115B4273230100091631F /* Main.storyboard */,
				B8A115B7273230160091631F /* Assets.xcassets */,
				B8A115B9273230160091631F /* LaunchScreen.storyboard */,
				B8A115BC273230160091631F /* Info.plist */,
			);
			path = Lab06_TableViewController;
			sourceTree = "<group>";
		};
		B8A115C4273230160091631F /* Lab06_TableViewControllerTests */ = {
			isa = PBXGroup;
			children = (
				B8A115C5273230160091631F /* Lab06_TableViewControllerTests.swift */,
			);
			path = Lab06_TableViewControllerTests;
			sourceTree = "<group>";
		};
		B8A115CE273230160091631F /* Lab06_TableViewControllerUITests */ = {
			isa = PBXGroup;
			children = (
				B8A115CF273230160091631F /* Lab06_TableViewControllerUITests.swift */,
				B8A115D1273230160091631F /* Lab06_TableViewControllerUITestsLaunchTests.swift */,
			);
			path = Lab06_TableViewControllerUITests;
			sourceTree = "<group>";
		};
/* End PBXGroup section */

/* Begin PBXNativeTarget section */
		B8A115AA273230100091631F /* Lab06_TableViewController */ = {
			isa = PBXNativeTarget;
			buildConfigurationList = B8A115D5273230160091631F /* Build configuration list for PBXNativeTarget "Lab06_TableViewController" */;
			buildPhases = (
				B8A115A7273230100091631F /* Sources */,
				B8A115A8273230100091631F /* Frameworks */,
				B8A115A9273230100091631F /* Resources */,
			);
			buildRules = (
			);
			dependencies = (
			);
			name = Lab06_TableViewController;
			productName = Lab06_TableViewController;
			productReference = B8A115AB273230100091631F /* Lab06_TableViewController.app */;
			productType = "com.apple.product-type.application";
		};
		B8A115C0273230160091631F /* Lab06_TableViewControllerTests */ = {
			isa = PBXNativeTarget;
			buildConfigurationList = B8A115D8273230160091631F /* Build configuration list for PBXNativeTarget "Lab06_TableViewControllerTests" */;
			buildPhases = (
				B8A115BD273230160091631F /* Sources */,
				B8A115BE273230160091631F /* Frameworks */,
				B8A115BF273230160091631F /* Resources */,
			);
			buildRules = (
			);
			dependencies = (
				B8A115C3273230160091631F /* PBXTargetDependency */,
			);
			name = Lab06_TableViewControllerTests;
			productName = Lab06_TableViewControllerTests;
			productReference = B8A115C1273230160091631F /* Lab06_TableViewControllerTests.xctest */;
			productType = "com.apple.product-type.bundle.unit-test";
		};
		B8A115CA273230160091631F /* Lab06_TableViewControllerUITests */ = {
			isa = PBXNativeTarget;
			buildConfigurationList = B8A115DB273230160091631F /* Build configuration list for PBXNativeTarget "Lab06_TableViewControllerUITests" */;
			buildPhases = (
				B8A115C7273230160091631F /* Sources */,
				B8A115C8273230160091631F /* Frameworks */,
				B8A115C9273230160091631F /* Resources */,
			);
			buildRules = (
			);
			dependencies = (
				B8A115CD273230160091631F /* PBXTargetDependency */,
			);
			name = Lab06_TableViewControllerUITests;
			productName = Lab06_TableViewControllerUITests;
			productReference = B8A115CB273230160091631F /* Lab06_TableViewControllerUITests.xctest */;
			productType = "com.apple.product-type.bundle.ui-testing";
		};
/* End PBXNativeTarget section */

/* Begin PBXProject section */
		B8A115A3273230100091631F /* Project object */ = {
			isa = PBXProject;
			attributes = {
				BuildIndependentTargetsInParallel = 1;
				LastSwiftUpdateCheck = 1300;
				LastUpgradeCheck = 1300;
				TargetAttributes = {
					B8A115AA273230100091631F = {
						CreatedOnToolsVersion = 13.0;
					};
					B8A115C0273230160091631F = {
						CreatedOnToolsVersion = 13.0;
						TestTargetID = B8A115AA273230100091631F;
					};
					B8A115CA273230160091631F = {
						CreatedOnToolsVersion = 13.0;
						TestTargetID = B8A115AA273230100091631F;
					};
				};
			};
			buildConfigurationList = B8A115A6273230100091631F /* Build configuration list for PBXProject "Lab06_TableViewController" */;
			compatibilityVersion = "Xcode 13.0";
			developmentRegion = en;
			hasScannedForEncodings = 0;
			knownRegions = (
				en,
				Base,
			);
			mainGroup = B8A115A2273230100091631F;
			productRefGroup = B8A115AC273230100091631F /* Products */;
			projectDirPath = "";
			projectRoot = "";
			targets = (
				B8A115AA273230100091631F /* Lab06_TableViewController */,
				B8A115C0273230160091631F /* Lab06_TableViewControllerTests */,
				B8A115CA273230160091631F /* Lab06_TableViewControllerUITests */,
			);
		};
/* End PBXProject section */

/* Begin PBXResourcesBuildPhase section */
		B8A115A9273230100091631F /* Resources */ = {
			isa = PBXResourcesBuildPhase;
			buildActionMask = 2147483647;
			files = (
				B8A115BB273230160091631F /* LaunchScreen.storyboard in Resources */,
				B8A115B8273230160091631F /* Assets.xcassets in Resources */,
				B8A115B6273230100091631F /* Main.storyboard in Resources */,
			);
			runOnlyForDeploymentPostprocessing = 0;
		};
		B8A115BF273230160091631F /* Resources */ = {
			isa = PBXResourcesBuildPhase;
			buildActionMask = 2147483647;
			files = (
			);
			runOnlyForDeploymentPostprocessing = 0;
		};
		B8A115C9273230160091631F /* Resources */ = {
			isa = PBXResourcesBuildPhase;
			buildActionMask = 2147483647;
			files = (
			);
			runOnlyForDeploymentPostprocessing = 0;
		};
/* End PBXResourcesBuildPhase section */

/* Begin PBXSourcesBuildPhase section */
		B8A115A7273230100091631F /* Sources */ = {
			isa = PBXSourcesBuildPhase;
			buildActionMask = 2147483647;
			files = (
				B8A115B3273230100091631F /* ViewController.swift in Sources */,
				B8A115AF273230100091631F /* AppDelegate.swift in Sources */,
				B8A115B1273230100091631F /* SceneDelegate.swift in Sources */,
			);
			runOnlyForDeploymentPostprocessing = 0;
		};
		B8A115BD273230160091631F /* Sources */ = {
			isa = PBXSourcesBuildPhase;
			buildActionMask = 2147483647;
			files = (
				B8A115C6273230160091631F /* Lab06_TableViewControllerTests.swift in Sources */,
			);
			runOnlyForDeploymentPostprocessing = 0;
		};
		B8A115C7273230160091631F /* Sources */ = {
			isa = PBXSourcesBuildPhase;
			buildActionMask = 2147483647;
			files = (
				B8A115D2273230160091631F /* Lab06_TableViewControllerUITestsLaunchTests.swift in Sources */,
				B8A115D0273230160091631F /* Lab06_TableViewControllerUITests.swift in Sources */,
			);
			runOnlyForDeploymentPostprocessing = 0;
		};
/* End PBXSourcesBuildPhase section */

/* Begin PBXTargetDependency section */
		B8A115C3273230160091631F /* PBXTargetDependency */ = {
			isa = PBXTargetDependency;
			target = B8A115AA273230100091631F /* Lab06_TableViewController */;
			targetProxy = B8A115C2273230160091631F /* PBXContainerItemProxy */;
		};
		B8A115CD273230160091631F /* PBXTargetDependency */ = {
			isa = PBXTargetDependency;
			target = B8A115AA273230100091631F /* Lab06_TableViewController */;
			targetProxy = B8A115CC273230160091631F /* PBXContainerItemProxy */;
		};
/* End PBXTargetDependency section */

/* Begin PBXVariantGroup section */
		B8A115B4273230100091631F /* Main.storyboard */ = {
			isa = PBXVariantGroup;
			children = (
				B8A115B5273230100091631F /* Base */,
			);
			name = Main.storyboard;
			sourceTree = "<group>";
		};
		B8A115B9273230160091631F /* LaunchScreen.storyboard */ = {
			isa = PBXVariantGroup;
			children = (
				B8A115BA273230160091631F /* Base */,
			);
			name = LaunchScreen.storyboard;
			sourceTree = "<group>";
		};
/* End PBXVariantGroup section */

/* Begin XCBuildConfiguration section */
		B8A115D3273230160091631F /* Debug */ = {
			isa = XCBuildConfiguration;
			buildSettings = {
				ALWAYS_SEARCH_USER_PATHS = NO;
				CLANG_ANALYZER_NONNULL = YES;
				CLANG_ANALYZER_NUMBER_OBJECT_CONVERSION = YES_AGGRESSIVE;
				CLANG_CXX_LANGUAGE_STANDARD = "gnu++17";
				CLANG_CXX_LIBRARY = "libc++";
				CLANG_ENABLE_MODULES = YES;
				CLANG_ENABLE_OBJC_ARC = YES;
				CLANG_ENABLE_OBJC_WEAK = YES;
				CLANG_WARN_BLOCK_CAPTURE_AUTORELEASING = YES;
				CLANG_WARN_BOOL_CONVERSION = YES;
				CLANG_WARN_COMMA = YES;
				CLANG_WARN_CONSTANT_CONVERSION = YES;
				CLANG_WARN_DEPRECATED_OBJC_IMPLEMENTATIONS = YES;
				CLANG_WARN_DIRECT_OBJC_ISA_USAGE = YES_ERROR;
				CLANG_WARN_DOCUMENTATION_COMMENTS = YES;
				CLANG_WARN_EMPTY_BODY = YES;
				CLANG_WARN_ENUM_CONVERSION = YES;
				CLANG_WARN_INFINITE_RECURSION = YES;
				CLANG_WARN_INT_CONVERSION = YES;
				CLANG_WARN_NON_LITERAL_NULL_CONVERSION = YES;
				CLANG_WARN_OBJC_IMPLICIT_RETAIN_SELF = YES;
				CLANG_WARN_OBJC_LITERAL_CONVERSION = YES;
				CLANG_WARN_OBJC_ROOT_CLASS = YES_ERROR;
				CLANG_WARN_QUOTED_INCLUDE_IN_FRAMEWORK_HEADER = YES;
				CLANG_WARN_RANGE_LOOP_ANALYSIS = YES;
				CLANG_WARN_STRICT_PROTOTYPES = YES;
				CLANG_WARN_SUSPICIOUS_MOVE = YES;
				CLANG_WARN_UNGUARDED_AVAILABILITY = YES_AGGRESSIVE;
				CLANG_WARN_UNREACHABLE_CODE = YES;
				CLANG_WARN__DUPLICATE_METHOD_MATCH = YES;
				COPY_PHASE_STRIP = NO;
				DEBUG_INFORMATION_FORMAT = dwarf;
				ENABLE_STRICT_OBJC_MSGSEND = YES;
				ENABLE_TESTABILITY = YES;
				GCC_C_LANGUAGE_STANDARD = gnu11;
				GCC_DYNAMIC_NO_PIC = NO;
				GCC_NO_COMMON_BLOCKS = YES;
				GCC_OPTIMIZATION_LEVEL = 0;
				GCC_PREPROCESSOR_DEFINITIONS = (
					"DEBUG=1",
					"$(inherited)",
				);
				GCC_WARN_64_TO_32_BIT_CONVERSION = YES;
				GCC_WARN_ABOUT_RETURN_TYPE = YES_ERROR;
				GCC_WARN_UNDECLARED_SELECTOR = YES;
				GCC_WARN_UNINITIALIZED_AUTOS = YES_AGGRESSIVE;
				GCC_WARN_UNUSED_FUNCTION = YES;
				GCC_WARN_UNUSED_VARIABLE = YES;
				IPHONEOS_DEPLOYMENT_TARGET = 15.0;
				MTL_ENABLE_DEBUG_INFO = INCLUDE_SOURCE;
				MTL_FAST_MATH = YES;
				ONLY_ACTIVE_ARCH = YES;
				SDKROOT = iphoneos;
				SWIFT_ACTIVE_COMPILATION_CONDITIONS = DEBUG;
				SWIFT_OPTIMIZATION_LEVEL = "-Onone";
			};
			name = Debug;
		};
		B8A115D4273230160091631F /* Release */ = {
			isa = XCBuildConfiguration;
			buildSettings = {
				ALWAYS_SEARCH_USER_PATHS = NO;
				CLANG_ANALYZER_NONNULL = YES;
				CLANG_ANALYZER_NUMBER_OBJECT_CONVERSION = YES_AGGRESSIVE;
				CLANG_CXX_LANGUAGE_STANDARD = "gnu++17";
				CLANG_CXX_LIBRARY = "libc++";
				CLANG_ENABLE_MODULES = YES;
				CLANG_ENABLE_OBJC_ARC = YES;
				CLANG_ENABLE_OBJC_WEAK = YES;
				CLANG_WARN_BLOCK_CAPTURE_AUTORELEASING = YES;
				CLANG_WARN_BOOL_CONVERSION = YES;
				CLANG_WARN_COMMA = YES;
				CLANG_WARN_CONSTANT_CONVERSION = YES;
				CLANG_WARN_DEPRECATED_OBJC_IMPLEMENTATIONS = YES;
				CLANG_WARN_DIRECT_OBJC_ISA_USAGE = YES_ERROR;
				CLANG_WARN_DOCUMENTATION_COMMENTS = YES;
				CLANG_WARN_EMPTY_BODY = YES;
				CLANG_WARN_ENUM_CONVERSION = YES;
				CLANG_WARN_INFINITE_RECURSION = YES;
				CLANG_WARN_INT_CONVERSION = YES;
				CLANG_WARN_NON_LITERAL_NULL_CONVERSION = YES;
				CLANG_WARN_OBJC_IMPLICIT_RETAIN_SELF = YES;
				CLANG_WARN_OBJC_LITERAL_CONVERSION = YES;
				CLANG_WARN_OBJC_ROOT_CLASS = YES_ERROR;
				CLANG_WARN_QUOTED_INCLUDE_IN_FRAMEWORK_HEADER = YES;
				CLANG_WARN_RANGE_LOOP_ANALYSIS = YES;
				CLANG_WARN_STRICT_PROTOTYPES = YES;
				CLANG_WARN_SUSPICIOUS_MOVE = YES;
				CLANG_WARN_UNGUARDED_AVAILABILITY = YES_AGGRESSIVE;
				CLANG_WARN_UNREACHABLE_CODE = YES;
				CLANG_WARN__DUPLICATE_METHOD_MATCH = YES;
				COPY_PHASE_STRIP = NO;
				DEBUG_INFORMATION_FORMAT = "dwarf-with-dsym";
				ENABLE_NS_ASSERTIONS = NO;
				ENABLE_STRICT_OBJC_MSGSEND = YES;
				GCC_C_LANGUAGE_STANDARD = gnu11;
				GCC_NO_COMMON_BLOCKS = YES;
				GCC_WARN_64_TO_32_BIT_CONVERSION = YES;
				GCC_WARN_ABOUT_RETURN_TYPE = YES_ERROR;
				GCC_WARN_UNDECLARED_SELECTOR = YES;
				GCC_WARN_UNINITIALIZED_AUTOS = YES_AGGRESSIVE;
				GCC_WARN_UNUSED_FUNCTION = YES;
				GCC_WARN_UNUSED_VARIABLE = YES;
				IPHONEOS_DEPLOYMENT_TARGET = 15.0;
				MTL_ENABLE_DEBUG_INFO = NO;
				MTL_FAST_MATH = YES;
				SDKROOT = iphoneos;
				SWIFT_COMPILATION_MODE = wholemodule;
				SWIFT_OPTIMIZATION_LEVEL = "-O";
				VALIDATE_PRODUCT = YES;
			};
			name = Release;
		};
		B8A115D6273230160091631F /* Debug */ = {
			isa = XCBuildConfiguration;
			buildSettings = {
				ASSETCATALOG_COMPILER_APPICON_NAME = AppIcon;
				ASSETCATALOG_COMPILER_GLOBAL_ACCENT_COLOR_NAME = AccentColor;
				CODE_SIGN_STYLE = Automatic;
				CURRENT_PROJECT_VERSION = 1;
				GENERATE_INFOPLIST_FILE = YES;
				INFOPLIST_FILE = Lab06_TableViewController/Info.plist;
				INFOPLIST_KEY_UIApplicationSupportsIndirectInputEvents = YES;
				INFOPLIST_KEY_UILaunchStoryboardName = LaunchScreen;
				INFOPLIST_KEY_UIMainStoryboardFile = Main;
				INFOPLIST_KEY_UISupportedInterfaceOrientations_iPad = "UIInterfaceOrientationPortrait UIInterfaceOrientationPortraitUpsideDown UIInterfaceOrientationLandscapeLeft UIInterfaceOrientationLandscapeRight";
				INFOPLIST_KEY_UISupportedInterfaceOrientations_iPhone = "UIInterfaceOrientationPortrait UIInterfaceOrientationLandscapeLeft UIInterfaceOrientationLandscapeRight";
				LD_RUNPATH_SEARCH_PATHS = (
					"$(inherited)",
					"@executable_path/Frameworks",
				);
				MARKETING_VERSION = 1.0;
				PRODUCT_BUNDLE_IDENTIFIER = "tecsup.Lab06-TableViewController";
				PRODUCT_NAME = "$(TARGET_NAME)";
				SWIFT_EMIT_LOC_STRINGS = YES;
				SWIFT_VERSION = 5.0;
				TARGETED_DEVICE_FAMILY = "1,2";
			};
			name = Debug;
		};
		B8A115D7273230160091631F /* Release */ = {
			isa = XCBuildConfiguration;
			buildSettings = {
				ASSETCATALOG_COMPILER_APPICON_NAME = AppIcon;
				ASSETCATALOG_COMPILER_GLOBAL_ACCENT_COLOR_NAME = AccentColor;
				CODE_SIGN_STYLE = Automatic;
				CURRENT_PROJECT_VERSION = 1;
				GENERATE_INFOPLIST_FILE = YES;
				INFOPLIST_FILE = Lab06_TableViewController/Info.plist;
				INFOPLIST_KEY_UIApplicationSupportsIndirectInputEvents = YES;
				INFOPLIST_KEY_UILaunchStoryboardName = LaunchScreen;
				INFOPLIST_KEY_UIMainStoryboardFile = Main;
				INFOPLIST_KEY_UISupportedInterfaceOrientations_iPad = "UIInterfaceOrientationPortrait UIInterfaceOrientationPortraitUpsideDown UIInterfaceOrientationLandscapeLeft UIInterfaceOrientationLandscapeRight";
				INFOPLIST_KEY_UISupportedInterfaceOrientations_iPhone = "UIInterfaceOrientationPortrait UIInterfaceOrientationLandscapeLeft UIInterfaceOrientationLandscapeRight";
				LD_RUNPATH_SEARCH_PATHS = (
					"$(inherited)",
					"@executable_path/Frameworks",
				);
				MARKETING_VERSION = 1.0;
				PRODUCT_BUNDLE_IDENTIFIER = "tecsup.Lab06-TableViewController";
				PRODUCT_NAME = "$(TARGET_NAME)";
				SWIFT_EMIT_LOC_STRINGS = YES;
				SWIFT_VERSION = 5.0;
				TARGETED_DEVICE_FAMILY = "1,2";
			};
			name = Release;
		};
		B8A115D9273230160091631F /* Debug */ = {
			isa = XCBuildConfiguration;
			buildSettings = {
				ALWAYS_EMBED_SWIFT_STANDARD_LIBRARIES = YES;
				BUNDLE_LOADER = "$(TEST_HOST)";
				CODE_SIGN_STYLE = Automatic;
				CURRENT_PROJECT_VERSION = 1;
				GENERATE_INFOPLIST_FILE = YES;
				IPHONEOS_DEPLOYMENT_TARGET = 15.0;
				LD_RUNPATH_SEARCH_PATHS = (
					"$(inherited)",
					"@executable_path/Frameworks",
					"@loader_path/Frameworks",
				);
				MARKETING_VERSION = 1.0;
				PRODUCT_BUNDLE_IDENTIFIER = "tecsup.Lab06-TableViewControllerTests";
				PRODUCT_NAME = "$(TARGET_NAME)";
				SWIFT_EMIT_LOC_STRINGS = NO;
				SWIFT_VERSION = 5.0;
				TARGETED_DEVICE_FAMILY = "1,2";
				TEST_HOST = "$(BUILT_PRODUCTS_DIR)/Lab06_TableViewController.app/Lab06_TableViewController";
			};
			name = Debug;
		};
		B8A115DA273230160091631F /* Release */ = {
			isa = XCBuildConfiguration;
			buildSettings = {
				ALWAYS_EMBED_SWIFT_STANDARD_LIBRARIES = YES;
				BUNDLE_LOADER = "$(TEST_HOST)";
				CODE_SIGN_STYLE = Automatic;
				CURRENT_PROJECT_VERSION = 1;
				GENERATE_INFOPLIST_FILE = YES;
				IPHONEOS_DEPLOYMENT_TARGET = 15.0;
				LD_RUNPATH_SEARCH_PATHS = (
					"$(inherited)",
					"@executable_path/Frameworks",
					"@loader_path/Frameworks",
				);
				MARKETING_VERSION = 1.0;
				PRODUCT_BUNDLE_IDENTIFIER = "tecsup.Lab06-TableViewControllerTests";
				PRODUCT_NAME = "$(TARGET_NAME)";
				SWIFT_EMIT_LOC_STRINGS = NO;
				SWIFT_VERSION = 5.0;
				TARGETED_DEVICE_FAMILY = "1,2";
				TEST_HOST = "$(BUILT_PRODUCTS_DIR)/Lab06_TableViewController.app/Lab06_TableViewController";
			};
			name = Release;
		};
		B8A115DC273230160091631F /* Debug */ = {
			isa = XCBuildConfiguration;
			buildSettings = {
				ALWAYS_EMBED_SWIFT_STANDARD_LIBRARIES = YES;
				CODE_SIGN_STYLE = Automatic;
				CURRENT_PROJECT_VERSION = 1;
				GENERATE_INFOPLIST_FILE = YES;
				LD_RUNPATH_SEARCH_PATHS = (
					"$(inherited)",
					"@executable_path/Frameworks",
					"@loader_path/Frameworks",
				);
				MARKETING_VERSION = 1.0;
				PRODUCT_BUNDLE_IDENTIFIER = "tecsup.Lab06-TableViewControllerUITests";
				PRODUCT_NAME = "$(TARGET_NAME)";
				SWIFT_EMIT_LOC_STRINGS = NO;
				SWIFT_VERSION = 5.0;
				TARGETED_DEVICE_FAMILY = "1,2";
				TEST_TARGET_NAME = Lab06_TableViewController;
			};
			name = Debug;
		};
		B8A115DD273230160091631F /* Release */ = {
			isa = XCBuildConfiguration;
			buildSettings = {
				ALWAYS_EMBED_SWIFT_STANDARD_LIBRARIES = YES;
				CODE_SIGN_STYLE = Automatic;
				CURRENT_PROJECT_VERSION = 1;
				GENERATE_INFOPLIST_FILE = YES;
				LD_RUNPATH_SEARCH_PATHS = (
					"$(inherited)",
					"@executable_path/Frameworks",
					"@loader_path/Frameworks",
				);
				MARKETING_VERSION = 1.0;
				PRODUCT_BUNDLE_IDENTIFIER = "tecsup.Lab06-TableViewControllerUITests";
				PRODUCT_NAME = "$(TARGET_NAME)";
				SWIFT_EMIT_LOC_STRINGS = NO;
				SWIFT_VERSION = 5.0;
				TARGETED_DEVICE_FAMILY = "1,2";
				TEST_TARGET_NAME = Lab06_TableViewController;
			};
			name = Release;
		};
/* End XCBuildConfiguration section */

/* Begin XCConfigurationList section */
		B8A115A6273230100091631F /* Build configuration list for PBXProject "Lab06_TableViewController" */ = {
			isa = XCConfigurationList;
			buildConfigurations = (
				B8A115D3273230160091631F /* Debug */,
				B8A115D4273230160091631F /* Release */,
			);
			defaultConfigurationIsVisible = 0;
			defaultConfigurationName = Release;
		};
		B8A115D5273230160091631F /* Build configuration list for PBXNativeTarget "Lab06_TableViewController" */ = {
			isa = XCConfigurationList;
			buildConfigurations = (
				B8A115D6273230160091631F /* Debug */,
				B8A115D7273230160091631F /* Release */,
			);
			defaultConfigurationIsVisible = 0;
			defaultConfigurationName = Release;
		};
		B8A115D8273230160091631F /* Build configuration list for PBXNativeTarget "Lab06_TableViewControllerTests" */ = {
			isa = XCConfigurationList;
			buildConfigurations = (
				B8A115D9273230160091631F /* Debug */,
				B8A115DA273230160091631F /* Release */,
			);
			defaultConfigurationIsVisible = 0;
			defaultConfigurationName = Release;
		};
		B8A115DB273230160091631F /* Build configuration list for PBXNativeTarget "Lab06_TableViewControllerUITests" */ = {
			isa = XCConfigurationList;
			buildConfigurations = (
				B8A115DC273230160091631F /* Debug */,
				B8A115DD273230160091631F /* Release */,
			);
			defaultConfigurationIsVisible = 0;
			defaultConfigurationName = Release;
		};
/* End XCConfigurationList section */
	};
	rootObject = B8A115A3273230100091631F /* Project object */;
}
